
Microsoft Visual Studio Solution File, Format Version 12.00
# Visual Studio Version 17
VisualStudioVersion = 17.13.35828.75 d17.13
MinimumVisualStudioVersion = 10.0.40219.1
Project("{FAE04EC0-301F-11D3-BF4B-00C04F79EFBC}") = "XOGame", "XOGame\XOGame.csproj", "{E92AE860-6ADE-4FEF-9981-34A41EFE9320}"
EndProject
Global
	GlobalSection(SolutionConfigurationPlatforms) = preSolution
		Debug|Any CPU = Debug|Any CPU
		Release|Any CPU = Release|Any CPU
	EndGlobalSection
	GlobalSection(ProjectConfigurationPlatforms) = postSolution
		{E92AE860-6ADE-4FEF-9981-34A41EFE9320}.Debug|Any CPU.ActiveCfg = Debug|Any CPU
		{E92AE860-6ADE-4FEF-9981-34A41EFE9320}.Debug|Any CPU.Build.0 = Debug|Any CPU
		{E92AE860-6ADE-4FEF-9981-34A41EFE9320}.Release|Any CPU.ActiveCfg = Release|Any CPU
		{E92AE860-6ADE-4FEF-9981-34A41EFE9320}.Release|Any CPU.Build.0 = Release|Any CPU
	EndGlobalSection
	GlobalSection(SolutionProperties) = preSolution
		HideSolutionNode = FALSE
	EndGlobalSection
	GlobalSection(ExtensibilityGlobals) = postSolution
		SolutionGuid = {D3CB9AF6-DD0B-4A63-9354-2198E59366A2}
	EndGlobalSection
EndGlobal
